
Microsoft Visual Studio Solution File, Format Version 12.00
# Visual Studio Version 17
VisualStudioVersion = 17.10.35013.160
MinimumVisualStudioVersion = 10.0.40219.1
Project("{FAE04EC0-301F-11D3-BF4B-00C04F79EFBC}") = "Brodcastssocialmedia", "Brodcastssocialmedia\Brodcastssocialmedia.csproj", "{8876B3DF-E605-4526-BC88-348FA9E7FB8A}"
EndProject
Global
	GlobalSection(SolutionConfigurationPlatforms) = preSolution
		Debug|Any CPU = Debug|Any CPU
		Release|Any CPU = Release|Any CPU
	EndGlobalSection
	GlobalSection(ProjectConfigurationPlatforms) = postSolution
		{8876B3DF-E605-4526-BC88-348FA9E7FB8A}.Debug|Any CPU.ActiveCfg = Debug|Any CPU
		{8876B3DF-E605-4526-BC88-348FA9E7FB8A}.Debug|Any CPU.Build.0 = Debug|Any CPU
		{8876B3DF-E605-4526-BC88-348FA9E7FB8A}.Release|Any CPU.ActiveCfg = Release|Any CPU
		{8876B3DF-E605-4526-BC88-348FA9E7FB8A}.Release|Any CPU.Build.0 = Release|Any CPU
	EndGlobalSection
	GlobalSection(SolutionProperties) = preSolution
		HideSolutionNode = FALSE
	EndGlobalSection
	GlobalSection(ExtensibilityGlobals) = postSolution
		SolutionGuid = {91274B02-79E1-445D-8F75-798B5130FD07}
	EndGlobalSection
EndGlobal
